
Microsoft Visual Studio Solution File, Format Version 12.00
# Visual Studio Version 17
VisualStudioVersion = 17.4.33122.133
MinimumVisualStudioVersion = 10.0.40219.1
Project("{FAE04EC0-301F-11D3-BF4B-00C04F79EFBC}") = "lab3", "lab3\lab3.csproj", "{B4E1A814-14B6-46BC-8B16-2C8634A99484}"
EndProject
Global
	GlobalSection(SolutionConfigurationPlatforms) = preSolution
		Debug|Any CPU = Debug|Any CPU
		Release|Any CPU = Release|Any CPU
	EndGlobalSection
	GlobalSection(ProjectConfigurationPlatforms) = postSolution
		{B4E1A814-14B6-46BC-8B16-2C8634A99484}.Debug|Any CPU.ActiveCfg = Debug|Any CPU
		{B4E1A814-14B6-46BC-8B16-2C8634A99484}.Debug|Any CPU.Build.0 = Debug|Any CPU
		{B4E1A814-14B6-46BC-8B16-2C8634A99484}.Release|Any CPU.ActiveCfg = Release|Any CPU
		{B4E1A814-14B6-46BC-8B16-2C8634A99484}.Release|Any CPU.Build.0 = Release|Any CPU
	EndGlobalSection
	GlobalSection(SolutionProperties) = preSolution
		HideSolutionNode = FALSE
	EndGlobalSection
	GlobalSection(ExtensibilityGlobals) = postSolution
		SolutionGuid = {BE814DC5-0FAC-490F-BAE3-93636FE96DFA}
	EndGlobalSection
EndGlobal
